# This file is automatically @generated by Poetry 2.1.3 and should not be changed by hand.

[[package]]
name = "greenlet"
version = "3.3.0"
description = "Lightweight in-process concurrent programming"
optional = false
python-versions = ">=3.10"
groups = ["main"]
files = [
    {file = "greenlet-3.3.0-cp310-cp310-macosx_11_0_universal2.whl", hash = "sha256:6f8496d434d5cb2dce025773ba5597f71f5410ae499d5dd9533e0653258cdb3d"},
    {file = "greenlet-3.3.0-cp310-cp310-manylinux_2_24_aarch64.manylinux_2_28_aarch64.whl", hash = "sha256:b96dc7eef78fd404e022e165ec55327f935b9b52ff355b067eb4a0267fc1cffb"},
    {file = "greenlet-3.3.0-cp310-cp310-manylinux_2_24_ppc64le.manylinux_2_28_ppc64le.whl", hash = "sha256:73631cd5cccbcfe63e3f9492aaa664d278fda0ce5c3d43aeda8e77317e38efbd"},
    {file = "greenlet-3.3.0-cp310-cp310-manylinux_2_24_s390x.manylinux_2_28_s390x.whl", hash = "sha256:b299a0cb979f5d7197442dccc3aee67fce53500cd88951b7e6c35575701c980b"},
    {file = "greenlet-3.3.0-cp310-cp310-manylinux_2_24_x86_64.manylinux_2_28_x86_64.whl", hash = "sha256:7dee147740789a4632cace364816046e43310b59ff8fb79833ab043aefa72fd5"},
    {file = "greenlet-3.3.0-cp310-cp310-musllinux_1_2_aarch64.whl", hash = "sha256:39b28e339fc3c348427560494e28d8a6f3561c8d2bcf7d706e1c624ed8d822b9"},
    {file = "greenlet-3.3.0-cp310-cp310-musllinux_1_2_x86_64.whl", hash = "sha256:b3c374782c2935cc63b2a27ba8708471de4ad1abaa862ffdb1ef45a643ddbb7d"},
    {file = "greenlet-3.3.0-cp310-cp310-win_amd64.whl", hash = "sha256:b49e7ed51876b459bd645d83db257f0180e345d3f768a35a85437a24d5a49082"},
    {file = "greenlet-3.3.0-cp311-cp311-macosx_11_0_universal2.whl", hash = "sha256:e29f3018580e8412d6aaf5641bb7745d38c85228dacf51a73bd4e26ddf2a6a8e"},
    {file = "greenlet-3.3.0-cp311-cp311-manylinux_2_24_aarch64.manylinux_2_28_aarch64.whl", hash = "sha256:a687205fb22794e838f947e2194c0566d3812966b41c78709554aa883183fb62"},
    {file = "greenlet-3.3.0-cp311-cp311-manylinux_2_24_ppc64le.manylinux_2_28_ppc64le.whl", hash = "sha256:4243050a88ba61842186cb9e63c7dfa677ec146160b0efd73b855a3d9c7fcf32"},
    {file = "greenlet-3.3.0-cp311-cp311-manylinux_2_24_s390x.manylinux_2_28_s390x.whl", hash = "sha256:670d0f94cd302d81796e37299bcd04b95d62403883b24225c6b5271466612f45"},
    {file = "greenlet-3.3.0-cp311-cp311-manylinux_2_24_x86_64.manylinux_2_28_x86_64.whl", hash = "sha256:6cb3a8ec3db4a3b0eb8a3c25436c2d49e3505821802074969db017b87bc6a948"},
    {file = "greenlet-3.3.0-cp311-cp311-musllinux_1_2_aarch64.whl", hash = "sha256:2de5a0b09eab81fc6a382791b995b1ccf2b172a9fec934747a7a23d2ff291794"},
    {file = "greenlet-3.3.0-cp311-cp311-musllinux_1_2_x86_64.whl", hash = "sha256:4449a736606bd30f27f8e1ff4678ee193bc47f6ca810d705981cfffd6ce0d8c5"},
    {file = "greenlet-3.3.0-cp311-cp311-win_amd64.whl", hash = "sha256:7652ee180d16d447a683c04e4c5f6441bae7ba7b17ffd9f6b3aff4605e9e6f71"},
    {file = "greenlet-3.3.0-cp312-cp312-macosx_11_0_universal2.whl", hash = "sha256:b01548f6e0b9e9784a2c99c5651e5dc89ffcbe870bc5fb2e5ef864e9cc6b5dcb"},
    {file = "greenlet-3.3.0-cp312-cp312-manylinux_2_24_aarch64.manylinux_2_28_aarch64.whl", hash = "sha256:349345b770dc88f81506c6861d22a6ccd422207829d2c854ae2af8025af303e3"},
    {file = "greenlet-3.3.0-cp312-cp312-manylinux_2_24_ppc64le.manylinux_2_28_ppc64le.whl", hash = "sha256:e8e18ed6995e9e2c0b4ed264d2cf89260ab3ac7e13555b8032b25a74c6d18655"},
    {file = "greenlet-3.3.0-cp312-cp312-manylinux_2_24_s390x.manylinux_2_28_s390x.whl", hash = "sha256:c024b1e5696626890038e34f76140ed1daf858e37496d33f2af57f06189e70d7"},
    {file = "greenlet-3.3.0-cp312-cp312-manylinux_2_24_x86_64.manylinux_2_28_x86_64.whl", hash = "sha256:047ab3df20ede6a57c35c14bf5200fcf04039d50f908270d3f9a7a82064f543b"},
    {file = "greenlet-3.3.0-cp312-cp312-musllinux_1_2_aarch64.whl", hash = "sha256:2d9ad37fc657b1102ec880e637cccf20191581f75c64087a549e66c57e1ceb53"},
    {file = "greenlet-3.3.0-cp312-cp312-musllinux_1_2_x86_64.whl", hash = "sha256:83cd0e36932e0e7f36a64b732a6f60c2fc2df28c351bae79fbaf4f8092fe7614"},
    {file = "greenlet-3.3.0-cp312-cp312-win_amd64.whl", hash = "sha256:a7a34b13d43a6b78abf828a6d0e87d3385680eaf830cd60d20d52f249faabf39"},
    {file = "greenlet-3.3.0-cp313-cp313-macosx_11_0_universal2.whl", hash = "sha256:a1e41a81c7e2825822f4e068c48cb2196002362619e2d70b148f20a831c00739"},
    {file = "greenlet-3.3.0-cp313-cp313-manylinux_2_24_aarch64.manylinux_2_28_aarch64.whl", hash = "sha256:9f515a47d02da4d30caaa85b69474cec77b7929b2e936ff7fb853d42f4bf8808"},
    {file = "greenlet-3.3.0-cp313-cp313-manylinux_2_24_ppc64le.manylinux_2_28_ppc64le.whl", hash = "sha256:7d2d9fd66bfadf230b385fdc90426fcd6eb64db54b40c495b72ac0feb5766c54"},
    {file = "greenlet-3.3.0-cp313-cp313-manylinux_2_24_s390x.manylinux_2_28_s390x.whl", hash = "sha256:30a6e28487a790417d036088b3bcb3f3ac7d8babaa7d0139edbaddebf3af9492"},
    {file = "greenlet-3.3.0-cp313-cp313-manylinux_2_24_x86_64.manylinux_2_28_x86_64.whl", hash = "sha256:087ea5e004437321508a8d6f20efc4cfec5e3c30118e1417ea96ed1d93950527"},
    {file = "greenlet-3.3.0-cp313-cp313-musllinux_1_2_aarch64.whl", hash = "sha256:ab97cf74045343f6c60a39913fa59710e4bd26a536ce7ab2397adf8b27e67c39"},
    {file = "greenlet-3.3.0-cp313-cp313-musllinux_1_2_x86_64.whl", hash = "sha256:5375d2e23184629112ca1ea89a53389dddbffcf417dad40125713d88eb5f96e8"},
    {file = "greenlet-3.3.0-cp313-cp313-win_amd64.whl", hash = "sha256:9ee1942ea19550094033c35d25d20726e4f1c40d59545815e1128ac58d416d38"},
    {file = "greenlet-3.3.0-cp314-cp314-macosx_11_0_universal2.whl", hash = "sha256:60c2ef0f578afb3c8d92ea07ad327f9a062547137afe91f38408f08aacab667f"},
    {file = "greenlet-3.3.0-cp314-cp314-manylinux_2_24_aarch64.manylinux_2_28_aarch64.whl", hash = "sha256:0a5d554d0712ba1de0a6c94c640f7aeba3f85b3a6e1f2899c11c2c0428da9365"},
    {file = "greenlet-3.3.0-cp314-cp314-manylinux_2_24_ppc64le.manylinux_2_28_ppc64le.whl", hash = "sha256:3a898b1e9c5f7307ebbde4102908e6cbfcb9ea16284a3abe15cab996bee8b9b3"},
    {file = "greenlet-3.3.0-cp314-cp314-manylinux_2_24_s390x.manylinux_2_28_s390x.whl", hash = "sha256:dcd2bdbd444ff340e8d6bdf54d2f206ccddbb3ccfdcd3c25bf4afaa7b8f0cf45"},
    {file = "greenlet-3.3.0-cp314-cp314-manylinux_2_24_x86_64.manylinux_2_28_x86_64.whl", hash = "sha256:5773edda4dc00e173820722711d043799d3adb4f01731f40619e07ea2750b955"},
    {file = "greenlet-3.3.0-cp314-cp314-musllinux_1_2_aarch64.whl", hash = "sha256:ac0549373982b36d5fd5d30beb8a7a33ee541ff98d2b502714a09f1169f31b55"},
    {file = "greenlet-3.3.0-cp314-cp314-musllinux_1_2_x86_64.whl", hash = "sha256:d198d2d977460358c3b3a4dc844f875d1adb33817f0613f663a656f463764ccc"},
    {file = "greenlet-3.3.0-cp314-cp314-win_amd64.whl", hash = "sha256:73f51dd0e0bdb596fb0417e475fa3c5e32d4c83638296e560086b8d7da7c4170"},
    {file = "greenlet-3.3.0-cp314-cp314t-macosx_11_0_universal2.whl", hash = "sha256:d6ed6f85fae6cdfdb9ce04c9bf7a08d666cfcfb914e7d006f44f840b46741931"},
    {file = "greenlet-3.3.0-cp314-cp314t-manylinux_2_24_aarch64.manylinux_2_28_aarch64.whl", hash = "sha256:d9125050fcf24554e69c4cacb086b87b3b55dc395a8b3ebe6487b045b2614388"},
    {file = "greenlet-3.3.0-cp314-cp314t-manylinux_2_24_ppc64le.manylinux_2_28_ppc64le.whl", hash = "sha256:87e63ccfa13c0a0f6234ed0add552af24cc67dd886731f2261e46e241608bee3"},
    {file = "greenlet-3.3.0-cp314-cp314t-manylinux_2_24_s390x.manylinux_2_28_s390x.whl", hash = "sha256:2662433acbca297c9153a4023fe2161c8dcfdcc91f10433171cf7e7d94ba2221"},
    {file = "greenlet-3.3.0-cp314-cp314t-manylinux_2_24_x86_64.manylinux_2_28_x86_64.whl", hash = "sha256:3c6e9b9c1527a78520357de498b0e709fb9e2f49c3a513afd5a249007261911b"},
    {file = "greenlet-3.3.0-cp314-cp314t-musllinux_1_2_aarch64.whl", hash = "sha256:286d093f95ec98fdd92fcb955003b8a3d054b4e2cab3e2707a5039e7b50520fd"},
    {file = "greenlet-3.3.0-cp314-cp314t-musllinux_1_2_x86_64.whl", hash = "sha256:6c10513330af5b8ae16f023e8ddbfb486ab355d04467c4679c5cfe4659975dd9"},
    {file = "greenlet-3.3.0.tar.gz", hash = "sha256:a82bb225a4e9e4d653dd2fb7b8b2d36e4fb25bc0165422a11e48b88e9e6f78fb"},
]

[package.extras]
docs = ["Sphinx", "furo"]
test = ["objgraph", "psutil", "setuptools"]

[[package]]
name = "playwright"
version = "1.57.0"
description = "A high-level API to automate web browsers"
optional = false
python-versions = ">=3.9"
groups = ["main"]
files = [
    {file = "playwright-1.57.0-py3-none-macosx_10_13_x86_64.whl", hash = "sha256:9351c1ac3dfd9b3820fe7fc4340d96c0d3736bb68097b9b7a69bd45d25e9370c"},
    {file = "playwright-1.57.0-py3-none-macosx_11_0_arm64.whl", hash = "sha256:a4a9d65027bce48eeba842408bcc1421502dfd7e41e28d207e94260fa93ca67e"},
    {file = "playwright-1.57.0-py3-none-macosx_11_0_universal2.whl", hash = "sha256:99104771abc4eafee48f47dac2369e0015516dc1ce8c409807d2dd440828b9a4"},
    {file = "playwright-1.57.0-py3-none-manylinux1_x86_64.whl", hash = "sha256:284ed5a706b7c389a06caa431b2f0ba9ac4130113c3a779767dda758c2497bb1"},
    {file = "playwright-1.57.0-py3-none-manylinux_2_17_aarch64.manylinux2014_aarch64.whl", hash = "sha256:38a1bae6c0a07839cdeaddbc0756b3b2b85e476c07945f64ece08f1f956a86f1"},
    {file = "playwright-1.57.0-py3-none-win32.whl", hash = "sha256:1dd93b265688da46e91ecb0606d36f777f8eadcf7fbef12f6426b20bf0c9137c"},
    {file = "playwright-1.57.0-py3-none-win_amd64.whl", hash = "sha256:6caefb08ed2c6f29d33b8088d05d09376946e49a73be19271c8cd5384b82b14c"},
    {file = "playwright-1.57.0-py3-none-win_arm64.whl", hash = "sha256:5f065f5a133dbc15e6e7c71e7bc04f258195755b1c32a432b792e28338c8335e"},
]

[package.dependencies]
greenlet = ">=3.1.1,<4.0.0"
pyee = ">=13,<14"

[[package]]
name = "pyee"
version = "13.0.0"
description = "A rough port of Node.js's EventEmitter to Python with a few tricks of its own"
optional = false
python-versions = ">=3.8"
groups = ["main"]
files = [
    {file = "pyee-13.0.0-py3-none-any.whl", hash = "sha256:48195a3cddb3b1515ce0695ed76036b5ccc2ef3a9f963ff9f77aec0139845498"},
    {file = "pyee-13.0.0.tar.gz", hash = "sha256:b391e3c5a434d1f5118a25615001dbc8f669cf410ab67d04c4d4e07c55481c37"},
]

[package.dependencies]
typing-extensions = "*"

[package.extras]
dev = ["black", "build", "flake8", "flake8-black", "isort", "jupyter-console", "mkdocs", "mkdocs-include-markdown-plugin", "mkdocstrings[python]", "mypy", "pytest", "pytest-asyncio ; python_version >= \"3.4\"", "pytest-trio ; python_version >= \"3.7\"", "sphinx", "toml", "tox", "trio", "trio ; python_version > \"3.6\"", "trio-typing ; python_version > \"3.6\"", "twine", "twisted", "validate-pyproject[all]"]

[[package]]
name = "pyotp"
version = "2.9.0"
description = "Python One Time Password Library"
optional = false
python-versions = ">=3.7"
groups = ["main"]
files = [
    {file = "pyotp-2.9.0-py3-none-any.whl", hash = "sha256:81c2e5865b8ac55e825b0358e496e1d9387c811e85bb40e71a3b29b288963612"},
    {file = "pyotp-2.9.0.tar.gz", hash = "sha256:346b6642e0dbdde3b4ff5a930b664ca82abfa116356ed48cc42c7d6590d36f63"},
]

[package.extras]
test = ["coverage", "mypy", "ruff", "wheel"]

[[package]]
name = "python-dotenv"
version = "1.2.1"
description = "Read key-value pairs from a .env file and set them as environment variables"
optional = false
python-versions = ">=3.9"
groups = ["main"]
files = [
    {file = "python_dotenv-1.2.1-py3-none-any.whl", hash = "sha256:b81ee9561e9ca4004139c6cbba3a238c32b03e4894671e181b671e8cb8425d61"},
    {file = "python_dotenv-1.2.1.tar.gz", hash = "sha256:42667e897e16ab0d66954af0e60a9caa94f0fd4ecf3aaf6d2d260eec1aa36ad6"},
]

[package.extras]
cli = ["click (>=5.0)"]

[[package]]
name = "typing-extensions"
version = "4.15.0"
description = "Backported and Experimental Type Hints for Python 3.9+"
optional = false
python-versions = ">=3.9"
groups = ["main"]
files = [
    {file = "typing_extensions-4.15.0-py3-none-any.whl", hash = "sha256:f0fa19c6845758ab08074a0cfa8b7aecb71c999ca73d62883bc25cc018c4e548"},
    {file = "typing_extensions-4.15.0.tar.gz", hash = "sha256:0cea48d173cc12fa28ecabc3b837ea3cf6f38c6d1136f85cbaaf598984861466"},
]

[metadata]
lock-version = "2.1"
python-versions = ">=3.13"
content-hash = "dbd42b9e677b82cef976b09ce09d8fa97739e7354ce5c1cb77b9ee87475389cb"
